// !$*UTF8*$!
{
	archiveVersion = 1;
	classes = {
	};
	objectVersion = 48;
	objects = {

/* Begin PBXBuildFile section */
		6967416F202DD50E0025528C /* AppDelegate.swift in Sources */ = {isa = PBXBuildFile; fileRef = 6967416E202DD50E0025528C /* AppDelegate.swift */; };
		69674171202DD50E0025528C /* FirstViewController.swift in Sources */ = {isa = PBXBuildFile; fileRef = 69674170202DD50E0025528C /* FirstViewController.swift */; };
		69674173202DD50E0025528C /* SecondViewController.swift in Sources */ = {isa = PBXBuildFile; fileRef = 69674172202DD50E0025528C /* SecondViewController.swift */; };
		69674176202DD50E0025528C /* Main.storyboard in Resources */ = {isa = PBXBuildFile; fileRef = 69674174202DD50E0025528C /* Main.storyboard */; };
		69674178202DD50E0025528C /* Assets.xcassets in Resources */ = {isa = PBXBuildFile; fileRef = 69674177202DD50E0025528C /* Assets.xcassets */; };
		6967417B202DD50E0025528C /* LaunchScreen.storyboard in Resources */ = {isa = PBXBuildFile; fileRef = 69674179202DD50E0025528C /* LaunchScreen.storyboard */; };
/* End PBXBuildFile section */

/* Begin PBXFileReference section */
		5E2D82E266850A078A3126EE /* Pods-StarWarsRx.release.xcconfig */ = {isa = PBXFileReference; includeInIndex = 1; lastKnownFileType = text.xcconfig; name = "Pods-StarWarsRx.release.xcconfig"; path = "Pods/Target Support Files/Pods-StarWarsRx/Pods-StarWarsRx.release.xcconfig"; sourceTree = "<group>"; };
		6967416B202DD50E0025528C /* StarWarsRx.app */ = {isa = PBXFileReference; explicitFileType = wrapper.application; includeInIndex = 0; path = StarWarsRx.app; sourceTree = BUILT_PRODUCTS_DIR; };
		6967416E202DD50E0025528C /* AppDelegate.swift */ = {isa = PBXFileReference; lastKnownFileType = sourcecode.swift; path = AppDelegate.swift; sourceTree = "<group>"; };
		69674170202DD50E0025528C /* FirstViewController.swift */ = {isa = PBXFileReference; lastKnownFileType = sourcecode.swift; path = FirstViewController.swift; sourceTree = "<group>"; };
		69674172202DD50E0025528C /* SecondViewController.swift */ = {isa = PBXFileReference; lastKnownFileType = sourcecode.swift; path = SecondViewController.swift; sourceTree = "<group>"; };
		69674175202DD50E0025528C /* Base */ = {isa = PBXFileReference; lastKnownFileType = file.storyboard; name = Base; path = Base.lproj/Main.storyboard; sourceTree = "<group>"; };
		69674177202DD50E0025528C /* Assets.xcassets */ = {isa = PBXFileReference; lastKnownFileType = folder.assetcatalog; path = Assets.xcassets; sourceTree = "<group>"; };
		6967417A202DD50E0025528C /* Base */ = {isa = PBXFileReference; lastKnownFileType = file.storyboard; name = Base; path = Base.lproj/LaunchScreen.storyboard; sourceTree = "<group>"; };
		6967417C202DD50E0025528C /* Info.plist */ = {isa = PBXFileReference; lastKnownFileType = text.plist.xml; path = Info.plist; sourceTree = "<group>"; };
		B9A0B7FAB6ECE0126B81C2F8 /* Pods_StarWarsRx.framework */ = {isa = PBXFileReference; explicitFileType = wrapper.framework; includeInIndex = 0; path = Pods_StarWarsRx.framework; sourceTree = BUILT_PRODUCTS_DIR; };
		C1E152FAD61777366AE6D731 /* Pods-StarWarsRx.debug.xcconfig */ = {isa = PBXFileReference; includeInIndex = 1; lastKnownFileType = text.xcconfig; name = "Pods-StarWarsRx.debug.xcconfig"; path = "Pods/Target Support Files/Pods-StarWarsRx/Pods-StarWarsRx.debug.xcconfig"; sourceTree = "<group>"; };
/* End PBXFileReference section */

/* Begin PBXFrameworksBuildPhase section */
		69674168202DD50E0025528C /* Frameworks */ = {
			isa = PBXFrameworksBuildPhase;
			buildActionMask = 2147483647;
			files = (
			);
			runOnlyForDeploymentPostprocessing = 0;
		};
/* End PBXFrameworksBuildPhase section */

/* Begin PBXGroup section */
		4DBD204F0A963E4704611E1C /* Frameworks */ = {
			isa = PBXGroup;
			children = (
				B9A0B7FAB6ECE0126B81C2F8 /* Pods_StarWarsRx.framework */,
			);
			name = Frameworks;
			sourceTree = "<group>";
		};
		69674162202DD50E0025528C = {
			isa = PBXGroup;
			children = (
				6967416D202DD50E0025528C /* StarWarsRx */,
				6967416C202DD50E0025528C /* Products */,
				E2739CC8A42F5E3690916CA2 /* Pods */,
				4DBD204F0A963E4704611E1C /* Frameworks */,
			);
			sourceTree = "<group>";
		};
		6967416C202DD50E0025528C /* Products */ = {
			isa = PBXGroup;
			children = (
				6967416B202DD50E0025528C /* StarWarsRx.app */,
			);
			name = Products;
			sourceTree = "<group>";
		};
		6967416D202DD50E0025528C /* StarWarsRx */ = {
			isa = PBXGroup;
			children = (
				6967416E202DD50E0025528C /* AppDelegate.swift */,
				69674170202DD50E0025528C /* FirstViewController.swift */,
				69674172202DD50E0025528C /* SecondViewController.swift */,
				69674174202DD50E0025528C /* Main.storyboard */,
				69674177202DD50E0025528C /* Assets.xcassets */,
				69674179202DD50E0025528C /* LaunchScreen.storyboard */,
				6967417C202DD50E0025528C /* Info.plist */,
			);
			path = StarWarsRx;
			sourceTree = "<group>";
		};
		E2739CC8A42F5E3690916CA2 /* Pods */ = {
			isa = PBXGroup;
			children = (
				C1E152FAD61777366AE6D731 /* Pods-StarWarsRx.debug.xcconfig */,
				5E2D82E266850A078A3126EE /* Pods-StarWarsRx.release.xcconfig */,
			);
			name = Pods;
			sourceTree = "<group>";
		};
/* End PBXGroup section */

/* Begin PBXNativeTarget section */
		6967416A202DD50E0025528C /* StarWarsRx */ = {
			isa = PBXNativeTarget;
			buildConfigurationList = 6967417F202DD50E0025528C /* Build configuration list for PBXNativeTarget "StarWarsRx" */;
			buildPhases = (
				EF294C27961D116BD38E6966 /* [CP] Check Pods Manifest.lock */,
				69674167202DD50E0025528C /* Sources */,
				69674168202DD50E0025528C /* Frameworks */,
				69674169202DD50E0025528C /* Resources */,
				92F04C7F1B58020DFF2007ED /* [CP] Embed Pods Frameworks */,
				8D06256284ADE2BEA712A99B /* [CP] Copy Pods Resources */,
			);
			buildRules = (
			);
			dependencies = (
			);
			name = StarWarsRx;
			productName = StarWarsRx;
			productReference = 6967416B202DD50E0025528C /* StarWarsRx.app */;
			productType = "com.apple.product-type.application";
		};
/* End PBXNativeTarget section */

/* Begin PBXProject section */
		69674163202DD50E0025528C /* Project object */ = {
			isa = PBXProject;
			attributes = {
				LastSwiftUpdateCheck = 0920;
				LastUpgradeCheck = 0920;
				ORGANIZATIONNAME = Pepdevils;
				TargetAttributes = {
					6967416A202DD50E0025528C = {
						CreatedOnToolsVersion = 9.2;
						ProvisioningStyle = Automatic;
					};
				};
			};
			buildConfigurationList = 69674166202DD50E0025528C /* Build configuration list for PBXProject "StarWarsRx" */;
			compatibilityVersion = "Xcode 8.0";
			developmentRegion = en;
			hasScannedForEncodings = 0;
			knownRegions = (
				en,
				Base,
			);
			mainGroup = 69674162202DD50E0025528C;
			productRefGroup = 6967416C202DD50E0025528C /* Products */;
			projectDirPath = "";
			projectRoot = "";
			targets = (
				6967416A202DD50E0025528C /* StarWarsRx */,
			);
		};
/* End PBXProject section */

/* Begin PBXResourcesBuildPhase section */
		69674169202DD50E0025528C /* Resources */ = {
			isa = PBXResourcesBuildPhase;
			buildActionMask = 2147483647;
			files = (
				6967417B202DD50E0025528C /* LaunchScreen.storyboard in Resources */,
				69674178202DD50E0025528C /* Assets.xcassets in Resources */,
				69674176202DD50E0025528C /* Main.storyboard in Resources */,
			);
			runOnlyForDeploymentPostprocessing = 0;
		};
/* End PBXResourcesBuildPhase section */

/* Begin PBXShellScriptBuildPhase section */
		8D06256284ADE2BEA712A99B /* [CP] Copy Pods Resources */ = {
			isa = PBXShellScriptBuildPhase;
			buildActionMask = 2147483647;
			files = (
			);
			inputPaths = (
			);
			name = "[CP] Copy Pods Resources";
			outputPaths = (
			);
			runOnlyForDeploymentPostprocessing = 0;
			shellPath = /bin/sh;
			shellScript = "\"${SRCROOT}/Pods/Target Support Files/Pods-StarWarsRx/Pods-StarWarsRx-resources.sh\"\n";
			showEnvVarsInLog = 0;
		};
		92F04C7F1B58020DFF2007ED /* [CP] Embed Pods Frameworks */ = {
			isa = PBXShellScriptBuildPhase;
			buildActionMask = 2147483647;
			files = (
			);
			inputPaths = (
				"${SRCROOT}/Pods/Target Support Files/Pods-StarWarsRx/Pods-StarWarsRx-frameworks.sh",
				"${BUILT_PRODUCTS_DIR}/RxCocoa/RxCocoa.framework",
				"${BUILT_PRODUCTS_DIR}/RxSwift/RxSwift.framework",
			);
			name = "[CP] Embed Pods Frameworks";
			outputPaths = (
				"${TARGET_BUILD_DIR}/${FRAMEWORKS_FOLDER_PATH}/RxCocoa.framework",
				"${TARGET_BUILD_DIR}/${FRAMEWORKS_FOLDER_PATH}/RxSwift.framework",
			);
			runOnlyForDeploymentPostprocessing = 0;
			shellPath = /bin/sh;
			shellScript = "\"${SRCROOT}/Pods/Target Support Files/Pods-StarWarsRx/Pods-StarWarsRx-frameworks.sh\"\n";
			showEnvVarsInLog = 0;
		};
		EF294C27961D116BD38E6966 /* [CP] Check Pods Manifest.lock */ = {
			isa = PBXShellScriptBuildPhase;
			buildActionMask = 2147483647;
			files = (
			);
			inputPaths = (
				"${PODS_PODFILE_DIR_PATH}/Podfile.lock",
				"${PODS_ROOT}/Manifest.lock",
			);
			name = "[CP] Check Pods Manifest.lock";
			outputPaths = (
				"$(DERIVED_FILE_DIR)/Pods-StarWarsRx-checkManifestLockResult.txt",
			);
			runOnlyForDeploymentPostprocessing = 0;
			shellPath = /bin/sh;
			shellScript = "diff \"${PODS_PODFILE_DIR_PATH}/Podfile.lock\" \"${PODS_ROOT}/Manifest.lock\" > /dev/null\nif [ $? != 0 ] ; then\n    # print error to STDERR\n    echo \"error: The sandbox is not in sync with the Podfile.lock. Run 'pod install' or update your CocoaPods installation.\" >&2\n    exit 1\nfi\n# This output is used by Xcode 'outputs' to avoid re-running this script phase.\necho \"SUCCESS\" > \"${SCRIPT_OUTPUT_FILE_0}\"\n";
			showEnvVarsInLog = 0;
		};
/* End PBXShellScriptBuildPhase section */

/* Begin PBXSourcesBuildPhase section */
		69674167202DD50E0025528C /* Sources */ = {
			isa = PBXSourcesBuildPhase;
			buildActionMask = 2147483647;
			files = (
				69674173202DD50E0025528C /* SecondViewController.swift in Sources */,
				6967416F202DD50E0025528C /* AppDelegate.swift in Sources */,
				69674171202DD50E0025528C /* FirstViewController.swift in Sources */,
			);
			runOnlyForDeploymentPostprocessing = 0;
		};
/* End PBXSourcesBuildPhase section */

/* Begin PBXVariantGroup section */
		69674174202DD50E0025528C /* Main.storyboard */ = {
			isa = PBXVariantGroup;
			children = (
				69674175202DD50E0025528C /* Base */,
			);
			name = Main.storyboard;
			sourceTree = "<group>";
		};
		69674179202DD50E0025528C /* LaunchScreen.storyboard */ = {
			isa = PBXVariantGroup;
			children = (
				6967417A202DD50E0025528C /* Base */,
			);
			name = LaunchScreen.storyboard;
			sourceTree = "<group>";
		};
/* End PBXVariantGroup section */

/* Begin XCBuildConfiguration section */
		6967417D202DD50E0025528C /* Debug */ = {
			isa = XCBuildConfiguration;
			buildSettings = {
				ALWAYS_SEARCH_USER_PATHS = NO;
				CLANG_ANALYZER_NONNULL = YES;
				CLANG_ANALYZER_NUMBER_OBJECT_CONVERSION = YES_AGGRESSIVE;
				CLANG_CXX_LANGUAGE_STANDARD = "gnu++14";
				CLANG_CXX_LIBRARY = "libc++";
				CLANG_ENABLE_MODULES = YES;
				CLANG_ENABLE_OBJC_ARC = YES;
				CLANG_WARN_BLOCK_CAPTURE_AUTORELEASING = YES;
				CLANG_WARN_BOOL_CONVERSION = YES;
				CLANG_WARN_COMMA = YES;
				CLANG_WARN_CONSTANT_CONVERSION = YES;
				CLANG_WARN_DIRECT_OBJC_ISA_USAGE = YES_ERROR;
				CLANG_WARN_DOCUMENTATION_COMMENTS = YES;
				CLANG_WARN_EMPTY_BODY = YES;
				CLANG_WARN_ENUM_CONVERSION = YES;
				CLANG_WARN_INFINITE_RECURSION = YES;
				CLANG_WARN_INT_CONVERSION = YES;
				CLANG_WARN_NON_LITERAL_NULL_CONVERSION = YES;
				CLANG_WARN_OBJC_LITERAL_CONVERSION = YES;
				CLANG_WARN_OBJC_ROOT_CLASS = YES_ERROR;
				CLANG_WARN_RANGE_LOOP_ANALYSIS = YES;
				CLANG_WARN_STRICT_PROTOTYPES = YES;
				CLANG_WARN_SUSPICIOUS_MOVE = YES;
				CLANG_WARN_UNGUARDED_AVAILABILITY = YES_AGGRESSIVE;
				CLANG_WARN_UNREACHABLE_CODE = YES;
				CLANG_WARN__DUPLICATE_METHOD_MATCH = YES;
				CODE_SIGN_IDENTITY = "iPhone Developer";
				COPY_PHASE_STRIP = NO;
				DEBUG_INFORMATION_FORMAT = dwarf;
				ENABLE_STRICT_OBJC_MSGSEND = YES;
				ENABLE_TESTABILITY = YES;
				"FRAMEWORK_SEARCH_PATHS[arch=*]" = "";
				GCC_C_LANGUAGE_STANDARD = gnu11;
				GCC_DYNAMIC_NO_PIC = NO;
				GCC_NO_COMMON_BLOCKS = YES;
				GCC_OPTIMIZATION_LEVEL = 0;
				GCC_PREPROCESSOR_DEFINITIONS = (
					"DEBUG=1",
					"$(inherited)",
				);
				GCC_WARN_64_TO_32_BIT_CONVERSION = YES;
				GCC_WARN_ABOUT_RETURN_TYPE = YES_ERROR;
				GCC_WARN_UNDECLARED_SELECTOR = YES;
				GCC_WARN_UNINITIALIZED_AUTOS = YES_AGGRESSIVE;
				GCC_WARN_UNUSED_FUNCTION = YES;
				GCC_WARN_UNUSED_VARIABLE = YES;
				IPHONEOS_DEPLOYMENT_TARGET = 11.2;
				MTL_ENABLE_DEBUG_INFO = YES;
				ONLY_ACTIVE_ARCH = YES;
				SDKROOT = iphoneos;
				SWIFT_ACTIVE_COMPILATION_CONDITIONS = DEBUG;
				SWIFT_OPTIMIZATION_LEVEL = "-Onone";
			};
			name = Debug;
		};
		6967417E202DD50E0025528C /* Release */ = {
			isa = XCBuildConfiguration;
			buildSettings = {
				ALWAYS_SEARCH_USER_PATHS = NO;
				CLANG_ANALYZER_NONNULL = YES;
				CLANG_ANALYZER_NUMBER_OBJECT_CONVERSION = YES_AGGRESSIVE;
				CLANG_CXX_LANGUAGE_STANDARD = "gnu++14";
				CLANG_CXX_LIBRARY = "libc++";
				CLANG_ENABLE_MODULES = YES;
				CLANG_ENABLE_OBJC_ARC = YES;
				CLANG_WARN_BLOCK_CAPTURE_AUTORELEASING = YES;
				CLANG_WARN_BOOL_CONVERSION = YES;
				CLANG_WARN_COMMA = YES;
				CLANG_WARN_CONSTANT_CONVERSION = YES;
				CLANG_WARN_DIRECT_OBJC_ISA_USAGE = YES_ERROR;
				CLANG_WARN_DOCUMENTATION_COMMENTS = YES;
				CLANG_WARN_EMPTY_BODY = YES;
				CLANG_WARN_ENUM_CONVERSION = YES;
				CLANG_WARN_INFINITE_RECURSION = YES;
				CLANG_WARN_INT_CONVERSION = YES;
				CLANG_WARN_NON_LITERAL_NULL_CONVERSION = YES;
				CLANG_WARN_OBJC_LITERAL_CONVERSION = YES;
				CLANG_WARN_OBJC_ROOT_CLASS = YES_ERROR;
				CLANG_WARN_RANGE_LOOP_ANALYSIS = YES;
				CLANG_WARN_STRICT_PROTOTYPES = YES;
				CLANG_WARN_SUSPICIOUS_MOVE = YES;
				CLANG_WARN_UNGUARDED_AVAILABILITY = YES_AGGRESSIVE;
				CLANG_WARN_UNREACHABLE_CODE = YES;
				CLANG_WARN__DUPLICATE_METHOD_MATCH = YES;
				CODE_SIGN_IDENTITY = "iPhone Developer";
				COPY_PHASE_STRIP = NO;
				DEBUG_INFORMATION_FORMAT = "dwarf-with-dsym";
				ENABLE_NS_ASSERTIONS = NO;
				ENABLE_STRICT_OBJC_MSGSEND = YES;
				GCC_C_LANGUAGE_STANDARD = gnu11;
				GCC_NO_COMMON_BLOCKS = YES;
				GCC_WARN_64_TO_32_BIT_CONVERSION = YES;
				GCC_WARN_ABOUT_RETURN_TYPE = YES_ERROR;
				GCC_WARN_UNDECLARED_SELECTOR = YES;
				GCC_WARN_UNINITIALIZED_AUTOS = YES_AGGRESSIVE;
				GCC_WARN_UNUSED_FUNCTION = YES;
				GCC_WARN_UNUSED_VARIABLE = YES;
				IPHONEOS_DEPLOYMENT_TARGET = 11.2;
				MTL_ENABLE_DEBUG_INFO = NO;
				SDKROOT = iphoneos;
				SWIFT_OPTIMIZATION_LEVEL = "-Owholemodule";
				VALIDATE_PRODUCT = YES;
			};
			name = Release;
		};
		69674180202DD50E0025528C /* Debug */ = {
			isa = XCBuildConfiguration;
			baseConfigurationReference = C1E152FAD61777366AE6D731 /* Pods-StarWarsRx.debug.xcconfig */;
			buildSettings = {
				ASSETCATALOG_COMPILER_APPICON_NAME = AppIcon;
				CODE_SIGN_STYLE = Automatic;
				INFOPLIST_FILE = StarWarsRx/Info.plist;
				LD_RUNPATH_SEARCH_PATHS = "$(inherited) @executable_path/Frameworks";
				PRODUCT_BUNDLE_IDENTIFIER = pepdevils.StarWarsRx;
				PRODUCT_NAME = "$(TARGET_NAME)";
				SWIFT_VERSION = 4.0;
				TARGETED_DEVICE_FAMILY = "1,2";
			};
			name = Debug;
		};
		69674181202DD50E0025528C /* Release */ = {
			isa = XCBuildConfiguration;
			baseConfigurationReference = 5E2D82E266850A078A3126EE /* Pods-StarWarsRx.release.xcconfig */;
			buildSettings = {
				ASSETCATALOG_COMPILER_APPICON_NAME = AppIcon;
				CODE_SIGN_STYLE = Automatic;
				INFOPLIST_FILE = StarWarsRx/Info.plist;
				LD_RUNPATH_SEARCH_PATHS = "$(inherited) @executable_path/Frameworks";
				PRODUCT_BUNDLE_IDENTIFIER = pepdevils.StarWarsRx;
				PRODUCT_NAME = "$(TARGET_NAME)";
				SWIFT_VERSION = 4.0;
				TARGETED_DEVICE_FAMILY = "1,2";
			};
			name = Release;
		};
/* End XCBuildConfiguration section */

/* Begin XCConfigurationList section */
		69674166202DD50E0025528C /* Build configuration list for PBXProject "StarWarsRx" */ = {
			isa = XCConfigurationList;
			buildConfigurations = (
				6967417D202DD50E0025528C /* Debug */,
				6967417E202DD50E0025528C /* Release */,
			);
			defaultConfigurationIsVisible = 0;
			defaultConfigurationName = Release;
		};
		6967417F202DD50E0025528C /* Build configuration list for PBXNativeTarget "StarWarsRx" */ = {
			isa = XCConfigurationList;
			buildConfigurations = (
				69674180202DD50E0025528C /* Debug */,
				69674181202DD50E0025528C /* Release */,
			);
			defaultConfigurationIsVisible = 0;
			defaultConfigurationName = Release;
		};
/* End XCConfigurationList section */
	};
	rootObject = 69674163202DD50E0025528C /* Project object */;
}
